// !$*UTF8*$!
{
	archiveVersion = 1;
	classes = {
	};
	objectVersion = 50;
	objects = {

/* Begin PBXBuildFile section */
		CB610C4C2214919200DBBAAE /* AppDelegate.swift in Sources */ = {isa = PBXBuildFile; fileRef = CB610C4B2214919200DBBAAE /* AppDelegate.swift */; };
		CB610C4E2214919200DBBAAE /* ViewController.swift in Sources */ = {isa = PBXBuildFile; fileRef = CB610C4D2214919200DBBAAE /* ViewController.swift */; };
		CB610C512214919200DBBAAE /* Main.storyboard in Resources */ = {isa = PBXBuildFile; fileRef = CB610C4F2214919200DBBAAE /* Main.storyboard */; };
		CB610C532214919400DBBAAE /* Assets.xcassets in Resources */ = {isa = PBXBuildFile; fileRef = CB610C522214919400DBBAAE /* Assets.xcassets */; };
		CB610C562214919400DBBAAE /* LaunchScreen.storyboard in Resources */ = {isa = PBXBuildFile; fileRef = CB610C542214919400DBBAAE /* LaunchScreen.storyboard */; };
		CB610C612214919400DBBAAE /* PartyUpTests.swift in Sources */ = {isa = PBXBuildFile; fileRef = CB610C602214919400DBBAAE /* PartyUpTests.swift */; };
		CB610C6C2214919400DBBAAE /* PartyUpUITests.swift in Sources */ = {isa = PBXBuildFile; fileRef = CB610C6B2214919400DBBAAE /* PartyUpUITests.swift */; };
/* End PBXBuildFile section */

/* Begin PBXContainerItemProxy section */
		CB610C5D2214919400DBBAAE /* PBXContainerItemProxy */ = {
			isa = PBXContainerItemProxy;
			containerPortal = CB610C402214919200DBBAAE /* Project object */;
			proxyType = 1;
			remoteGlobalIDString = CB610C472214919200DBBAAE;
			remoteInfo = PartyUp;
		};
		CB610C682214919400DBBAAE /* PBXContainerItemProxy */ = {
			isa = PBXContainerItemProxy;
			containerPortal = CB610C402214919200DBBAAE /* Project object */;
			proxyType = 1;
			remoteGlobalIDString = CB610C472214919200DBBAAE;
			remoteInfo = PartyUp;
		};
/* End PBXContainerItemProxy section */

/* Begin PBXFileReference section */
		CB610C482214919200DBBAAE /* PartyUp.app */ = {isa = PBXFileReference; explicitFileType = wrapper.application; includeInIndex = 0; path = PartyUp.app; sourceTree = BUILT_PRODUCTS_DIR; };
		CB610C4B2214919200DBBAAE /* AppDelegate.swift */ = {isa = PBXFileReference; lastKnownFileType = sourcecode.swift; path = AppDelegate.swift; sourceTree = "<group>"; };
		CB610C4D2214919200DBBAAE /* ViewController.swift */ = {isa = PBXFileReference; lastKnownFileType = sourcecode.swift; path = ViewController.swift; sourceTree = "<group>"; };
		CB610C502214919200DBBAAE /* Base */ = {isa = PBXFileReference; lastKnownFileType = file.storyboard; name = Base; path = Base.lproj/Main.storyboard; sourceTree = "<group>"; };
		CB610C522214919400DBBAAE /* Assets.xcassets */ = {isa = PBXFileReference; lastKnownFileType = folder.assetcatalog; path = Assets.xcassets; sourceTree = "<group>"; };
		CB610C552214919400DBBAAE /* Base */ = {isa = PBXFileReference; lastKnownFileType = file.storyboard; name = Base; path = Base.lproj/LaunchScreen.storyboard; sourceTree = "<group>"; };
		CB610C572214919400DBBAAE /* Info.plist */ = {isa = PBXFileReference; lastKnownFileType = text.plist.xml; path = Info.plist; sourceTree = "<group>"; };
		CB610C5C2214919400DBBAAE /* PartyUpTests.xctest */ = {isa = PBXFileReference; explicitFileType = wrapper.cfbundle; includeInIndex = 0; path = PartyUpTests.xctest; sourceTree = BUILT_PRODUCTS_DIR; };
		CB610C602214919400DBBAAE /* PartyUpTests.swift */ = {isa = PBXFileReference; lastKnownFileType = sourcecode.swift; path = PartyUpTests.swift; sourceTree = "<group>"; };
		CB610C622214919400DBBAAE /* Info.plist */ = {isa = PBXFileReference; lastKnownFileType = text.plist.xml; path = Info.plist; sourceTree = "<group>"; };
		CB610C672214919400DBBAAE /* PartyUpUITests.xctest */ = {isa = PBXFileReference; explicitFileType = wrapper.cfbundle; includeInIndex = 0; path = PartyUpUITests.xctest; sourceTree = BUILT_PRODUCTS_DIR; };
		CB610C6B2214919400DBBAAE /* PartyUpUITests.swift */ = {isa = PBXFileReference; lastKnownFileType = sourcecode.swift; path = PartyUpUITests.swift; sourceTree = "<group>"; };
		CB610C6D2214919400DBBAAE /* Info.plist */ = {isa = PBXFileReference; lastKnownFileType = text.plist.xml; path = Info.plist; sourceTree = "<group>"; };
/* End PBXFileReference section */

/* Begin PBXFrameworksBuildPhase section */
		CB610C452214919200DBBAAE /* Frameworks */ = {
			isa = PBXFrameworksBuildPhase;
			buildActionMask = 2147483647;
			files = (
			);
			runOnlyForDeploymentPostprocessing = 0;
		};
		CB610C592214919400DBBAAE /* Frameworks */ = {
			isa = PBXFrameworksBuildPhase;
			buildActionMask = 2147483647;
			files = (
			);
			runOnlyForDeploymentPostprocessing = 0;
		};
		CB610C642214919400DBBAAE /* Frameworks */ = {
			isa = PBXFrameworksBuildPhase;
			buildActionMask = 2147483647;
			files = (
			);
			runOnlyForDeploymentPostprocessing = 0;
		};
/* End PBXFrameworksBuildPhase section */

/* Begin PBXGroup section */
		CB610C3F2214919200DBBAAE = {
			isa = PBXGroup;
			children = (
				CB610C4A2214919200DBBAAE /* PartyUp */,
				CB610C5F2214919400DBBAAE /* PartyUpTests */,
				CB610C6A2214919400DBBAAE /* PartyUpUITests */,
				CB610C492214919200DBBAAE /* Products */,
			);
			sourceTree = "<group>";
		};
		CB610C492214919200DBBAAE /* Products */ = {
			isa = PBXGroup;
			children = (
				CB610C482214919200DBBAAE /* PartyUp.app */,
				CB610C5C2214919400DBBAAE /* PartyUpTests.xctest */,
				CB610C672214919400DBBAAE /* PartyUpUITests.xctest */,
			);
			name = Products;
			sourceTree = "<group>";
		};
		CB610C4A2214919200DBBAAE /* PartyUp */ = {
			isa = PBXGroup;
			children = (
				CB610C4B2214919200DBBAAE /* AppDelegate.swift */,
				CB610C4D2214919200DBBAAE /* ViewController.swift */,
				CB610C4F2214919200DBBAAE /* Main.storyboard */,
				CB610C522214919400DBBAAE /* Assets.xcassets */,
				CB610C542214919400DBBAAE /* LaunchScreen.storyboard */,
				CB610C572214919400DBBAAE /* Info.plist */,
			);
			path = PartyUp;
			sourceTree = "<group>";
		};
		CB610C5F2214919400DBBAAE /* PartyUpTests */ = {
			isa = PBXGroup;
			children = (
				CB610C602214919400DBBAAE /* PartyUpTests.swift */,
				CB610C622214919400DBBAAE /* Info.plist */,
			);
			path = PartyUpTests;
			sourceTree = "<group>";
		};
		CB610C6A2214919400DBBAAE /* PartyUpUITests */ = {
			isa = PBXGroup;
			children = (
				CB610C6B2214919400DBBAAE /* PartyUpUITests.swift */,
				CB610C6D2214919400DBBAAE /* Info.plist */,
			);
			path = PartyUpUITests;
			sourceTree = "<group>";
		};
/* End PBXGroup section */

/* Begin PBXNativeTarget section */
		CB610C472214919200DBBAAE /* PartyUp */ = {
			isa = PBXNativeTarget;
			buildConfigurationList = CB610C702214919400DBBAAE /* Build configuration list for PBXNativeTarget "PartyUp" */;
			buildPhases = (
				CB610C442214919200DBBAAE /* Sources */,
				CB610C452214919200DBBAAE /* Frameworks */,
				CB610C462214919200DBBAAE /* Resources */,
			);
			buildRules = (
			);
			dependencies = (
			);
			name = PartyUp;
			productName = PartyUp;
			productReference = CB610C482214919200DBBAAE /* PartyUp.app */;
			productType = "com.apple.product-type.application";
		};
		CB610C5B2214919400DBBAAE /* PartyUpTests */ = {
			isa = PBXNativeTarget;
			buildConfigurationList = CB610C732214919400DBBAAE /* Build configuration list for PBXNativeTarget "PartyUpTests" */;
			buildPhases = (
				CB610C582214919400DBBAAE /* Sources */,
				CB610C592214919400DBBAAE /* Frameworks */,
				CB610C5A2214919400DBBAAE /* Resources */,
			);
			buildRules = (
			);
			dependencies = (
				CB610C5E2214919400DBBAAE /* PBXTargetDependency */,
			);
			name = PartyUpTests;
			productName = PartyUpTests;
			productReference = CB610C5C2214919400DBBAAE /* PartyUpTests.xctest */;
			productType = "com.apple.product-type.bundle.unit-test";
		};
		CB610C662214919400DBBAAE /* PartyUpUITests */ = {
			isa = PBXNativeTarget;
			buildConfigurationList = CB610C762214919400DBBAAE /* Build configuration list for PBXNativeTarget "PartyUpUITests" */;
			buildPhases = (
				CB610C632214919400DBBAAE /* Sources */,
				CB610C642214919400DBBAAE /* Frameworks */,
				CB610C652214919400DBBAAE /* Resources */,
			);
			buildRules = (
			);
			dependencies = (
				CB610C692214919400DBBAAE /* PBXTargetDependency */,
			);
			name = PartyUpUITests;
			productName = PartyUpUITests;
			productReference = CB610C672214919400DBBAAE /* PartyUpUITests.xctest */;
			productType = "com.apple.product-type.bundle.ui-testing";
		};
/* End PBXNativeTarget section */

/* Begin PBXProject section */
		CB610C402214919200DBBAAE /* Project object */ = {
			isa = PBXProject;
			attributes = {
				LastSwiftUpdateCheck = 1010;
				LastUpgradeCheck = 1010;
				ORGANIZATIONNAME = "Tyler Donohue";
				TargetAttributes = {
					CB610C472214919200DBBAAE = {
						CreatedOnToolsVersion = 10.1;
					};
					CB610C5B2214919400DBBAAE = {
						CreatedOnToolsVersion = 10.1;
						TestTargetID = CB610C472214919200DBBAAE;
					};
					CB610C662214919400DBBAAE = {
						CreatedOnToolsVersion = 10.1;
						TestTargetID = CB610C472214919200DBBAAE;
					};
				};
			};
			buildConfigurationList = CB610C432214919200DBBAAE /* Build configuration list for PBXProject "PartyUp" */;
			compatibilityVersion = "Xcode 9.3";
			developmentRegion = en;
			hasScannedForEncodings = 0;
			knownRegions = (
				en,
				Base,
			);
			mainGroup = CB610C3F2214919200DBBAAE;
			productRefGroup = CB610C492214919200DBBAAE /* Products */;
			projectDirPath = "";
			projectRoot = "";
			targets = (
				CB610C472214919200DBBAAE /* PartyUp */,
				CB610C5B2214919400DBBAAE /* PartyUpTests */,
				CB610C662214919400DBBAAE /* PartyUpUITests */,
			);
		};
/* End PBXProject section */

/* Begin PBXResourcesBuildPhase section */
		CB610C462214919200DBBAAE /* Resources */ = {
			isa = PBXResourcesBuildPhase;
			buildActionMask = 2147483647;
			files = (
				CB610C562214919400DBBAAE /* LaunchScreen.storyboard in Resources */,
				CB610C532214919400DBBAAE /* Assets.xcassets in Resources */,
				CB610C512214919200DBBAAE /* Main.storyboard in Resources */,
			);
			runOnlyForDeploymentPostprocessing = 0;
		};
		CB610C5A2214919400DBBAAE /* Resources */ = {
			isa = PBXResourcesBuildPhase;
			buildActionMask = 2147483647;
			files = (
			);
			runOnlyForDeploymentPostprocessing = 0;
		};
		CB610C652214919400DBBAAE /* Resources */ = {
			isa = PBXResourcesBuildPhase;
			buildActionMask = 2147483647;
			files = (
			);
			runOnlyForDeploymentPostprocessing = 0;
		};
/* End PBXResourcesBuildPhase section */

/* Begin PBXSourcesBuildPhase section */
		CB610C442214919200DBBAAE /* Sources */ = {
			isa = PBXSourcesBuildPhase;
			buildActionMask = 2147483647;
			files = (
				CB610C4E2214919200DBBAAE /* ViewController.swift in Sources */,
				CB610C4C2214919200DBBAAE /* AppDelegate.swift in Sources */,
			);
			runOnlyForDeploymentPostprocessing = 0;
		};
		CB610C582214919400DBBAAE /* Sources */ = {
			isa = PBXSourcesBuildPhase;
			buildActionMask = 2147483647;
			files = (
				CB610C612214919400DBBAAE /* PartyUpTests.swift in Sources */,
			);
			runOnlyForDeploymentPostprocessing = 0;
		};
		CB610C632214919400DBBAAE /* Sources */ = {
			isa = PBXSourcesBuildPhase;
			buildActionMask = 2147483647;
			files = (
				CB610C6C2214919400DBBAAE /* PartyUpUITests.swift in Sources */,
			);
			runOnlyForDeploymentPostprocessing = 0;
		};
/* End PBXSourcesBuildPhase section */

/* Begin PBXTargetDependency section */
		CB610C5E2214919400DBBAAE /* PBXTargetDependency */ = {
			isa = PBXTargetDependency;
			target = CB610C472214919200DBBAAE /* PartyUp */;
			targetProxy = CB610C5D2214919400DBBAAE /* PBXContainerItemProxy */;
		};
		CB610C692214919400DBBAAE /* PBXTargetDependency */ = {
			isa = PBXTargetDependency;
			target = CB610C472214919200DBBAAE /* PartyUp */;
			targetProxy = CB610C682214919400DBBAAE /* PBXContainerItemProxy */;
		};
/* End PBXTargetDependency section */

/* Begin PBXVariantGroup section */
		CB610C4F2214919200DBBAAE /* Main.storyboard */ = {
			isa = PBXVariantGroup;
			children = (
				CB610C502214919200DBBAAE /* Base */,
			);
			name = Main.storyboard;
			sourceTree = "<group>";
		};
		CB610C542214919400DBBAAE /* LaunchScreen.storyboard */ = {
			isa = PBXVariantGroup;
			children = (
				CB610C552214919400DBBAAE /* Base */,
			);
			name = LaunchScreen.storyboard;
			sourceTree = "<group>";
		};
/* End PBXVariantGroup section */

/* Begin XCBuildConfiguration section */
		CB610C6E2214919400DBBAAE /* Debug */ = {
			isa = XCBuildConfiguration;
			buildSettings = {
				ALWAYS_SEARCH_USER_PATHS = NO;
				CLANG_ANALYZER_NONNULL = YES;
				CLANG_ANALYZER_NUMBER_OBJECT_CONVERSION = YES_AGGRESSIVE;
				CLANG_CXX_LANGUAGE_STANDARD = "gnu++14";
				CLANG_CXX_LIBRARY = "libc++";
				CLANG_ENABLE_MODULES = YES;
				CLANG_ENABLE_OBJC_ARC = YES;
				CLANG_ENABLE_OBJC_WEAK = YES;
				CLANG_WARN_BLOCK_CAPTURE_AUTORELEASING = YES;
				CLANG_WARN_BOOL_CONVERSION = YES;
				CLANG_WARN_COMMA = YES;
				CLANG_WARN_CONSTANT_CONVERSION = YES;
				CLANG_WARN_DEPRECATED_OBJC_IMPLEMENTATIONS = YES;
				CLANG_WARN_DIRECT_OBJC_ISA_USAGE = YES_ERROR;
				CLANG_WARN_DOCUMENTATION_COMMENTS = YES;
				CLANG_WARN_EMPTY_BODY = YES;
				CLANG_WARN_ENUM_CONVERSION = YES;
				CLANG_WARN_INFINITE_RECURSION = YES;
				CLANG_WARN_INT_CONVERSION = YES;
				CLANG_WARN_NON_LITERAL_NULL_CONVERSION = YES;
				CLANG_WARN_OBJC_IMPLICIT_RETAIN_SELF = YES;
				CLANG_WARN_OBJC_LITERAL_CONVERSION = YES;
				CLANG_WARN_OBJC_ROOT_CLASS = YES_ERROR;
				CLANG_WARN_RANGE_LOOP_ANALYSIS = YES;
				CLANG_WARN_STRICT_PROTOTYPES = YES;
				CLANG_WARN_SUSPICIOUS_MOVE = YES;
				CLANG_WARN_UNGUARDED_AVAILABILITY = YES_AGGRESSIVE;
				CLANG_WARN_UNREACHABLE_CODE = YES;
				CLANG_WARN__DUPLICATE_METHOD_MATCH = YES;
				CODE_SIGN_IDENTITY = "iPhone Developer";
				COPY_PHASE_STRIP = NO;
				DEBUG_INFORMATION_FORMAT = dwarf;
				ENABLE_STRICT_OBJC_MSGSEND = YES;
				ENABLE_TESTABILITY = YES;
				GCC_C_LANGUAGE_STANDARD = gnu11;
				GCC_DYNAMIC_NO_PIC = NO;
				GCC_NO_COMMON_BLOCKS = YES;
				GCC_OPTIMIZATION_LEVEL = 0;
				GCC_PREPROCESSOR_DEFINITIONS = (
					"DEBUG=1",
					"$(inherited)",
				);
				GCC_WARN_64_TO_32_BIT_CONVERSION = YES;
				GCC_WARN_ABOUT_RETURN_TYPE = YES_ERROR;
				GCC_WARN_UNDECLARED_SELECTOR = YES;
				GCC_WARN_UNINITIALIZED_AUTOS = YES_AGGRESSIVE;
				GCC_WARN_UNUSED_FUNCTION = YES;
				GCC_WARN_UNUSED_VARIABLE = YES;
				IPHONEOS_DEPLOYMENT_TARGET = 12.1;
				MTL_ENABLE_DEBUG_INFO = INCLUDE_SOURCE;
				MTL_FAST_MATH = YES;
				ONLY_ACTIVE_ARCH = YES;
				SDKROOT = iphoneos;
				SWIFT_ACTIVE_COMPILATION_CONDITIONS = DEBUG;
				SWIFT_OPTIMIZATION_LEVEL = "-Onone";
			};
			name = Debug;
		};
		CB610C6F2214919400DBBAAE /* Release */ = {
			isa = XCBuildConfiguration;
			buildSettings = {
				ALWAYS_SEARCH_USER_PATHS = NO;
				CLANG_ANALYZER_NONNULL = YES;
				CLANG_ANALYZER_NUMBER_OBJECT_CONVERSION = YES_AGGRESSIVE;
				CLANG_CXX_LANGUAGE_STANDARD = "gnu++14";
				CLANG_CXX_LIBRARY = "libc++";
				CLANG_ENABLE_MODULES = YES;
				CLANG_ENABLE_OBJC_ARC = YES;
				CLANG_ENABLE_OBJC_WEAK = YES;
				CLANG_WARN_BLOCK_CAPTURE_AUTORELEASING = YES;
				CLANG_WARN_BOOL_CONVERSION = YES;
				CLANG_WARN_COMMA = YES;
				CLANG_WARN_CONSTANT_CONVERSION = YES;
				CLANG_WARN_DEPRECATED_OBJC_IMPLEMENTATIONS = YES;
				CLANG_WARN_DIRECT_OBJC_ISA_USAGE = YES_ERROR;
				CLANG_WARN_DOCUMENTATION_COMMENTS = YES;
				CLANG_WARN_EMPTY_BODY = YES;
				CLANG_WARN_ENUM_CONVERSION = YES;
				CLANG_WARN_INFINITE_RECURSION = YES;
				CLANG_WARN_INT_CONVERSION = YES;
				CLANG_WARN_NON_LITERAL_NULL_CONVERSION = YES;
				CLANG_WARN_OBJC_IMPLICIT_RETAIN_SELF = YES;
				CLANG_WARN_OBJC_LITERAL_CONVERSION = YES;
				CLANG_WARN_OBJC_ROOT_CLASS = YES_ERROR;
				CLANG_WARN_RANGE_LOOP_ANALYSIS = YES;
				CLANG_WARN_STRICT_PROTOTYPES = YES;
				CLANG_WARN_SUSPICIOUS_MOVE = YES;
				CLANG_WARN_UNGUARDED_AVAILABILITY = YES_AGGRESSIVE;
				CLANG_WARN_UNREACHABLE_CODE = YES;
				CLANG_WARN__DUPLICATE_METHOD_MATCH = YES;
				CODE_SIGN_IDENTITY = "iPhone Developer";
				COPY_PHASE_STRIP = NO;
				DEBUG_INFORMATION_FORMAT = "dwarf-with-dsym";
				ENABLE_NS_ASSERTIONS = NO;
				ENABLE_STRICT_OBJC_MSGSEND = YES;
				GCC_C_LANGUAGE_STANDARD = gnu11;
				GCC_NO_COMMON_BLOCKS = YES;
				GCC_WARN_64_TO_32_BIT_CONVERSION = YES;
				GCC_WARN_ABOUT_RETURN_TYPE = YES_ERROR;
				GCC_WARN_UNDECLARED_SELECTOR = YES;
				GCC_WARN_UNINITIALIZED_AUTOS = YES_AGGRESSIVE;
				GCC_WARN_UNUSED_FUNCTION = YES;
				GCC_WARN_UNUSED_VARIABLE = YES;
				IPHONEOS_DEPLOYMENT_TARGET = 12.1;
				MTL_ENABLE_DEBUG_INFO = NO;
				MTL_FAST_MATH = YES;
				SDKROOT = iphoneos;
				SWIFT_COMPILATION_MODE = wholemodule;
				SWIFT_OPTIMIZATION_LEVEL = "-O";
				VALIDATE_PRODUCT = YES;
			};
			name = Release;
		};
		CB610C712214919400DBBAAE /* Debug */ = {
			isa = XCBuildConfiguration;
			buildSettings = {
				ASSETCATALOG_COMPILER_APPICON_NAME = AppIcon;
				CODE_SIGN_STYLE = Automatic;
				INFOPLIST_FILE = PartyUp/Info.plist;
				LD_RUNPATH_SEARCH_PATHS = (
					"$(inherited)",
					"@executable_path/Frameworks",
				);
				PRODUCT_BUNDLE_IDENTIFIER = TyDon.PartyUp;
				PRODUCT_NAME = "$(TARGET_NAME)";
				SWIFT_VERSION = 4.2;
				TARGETED_DEVICE_FAMILY = "1,2";
			};
			name = Debug;
		};
		CB610C722214919400DBBAAE /* Release */ = {
			isa = XCBuildConfiguration;
			buildSettings = {
				ASSETCATALOG_COMPILER_APPICON_NAME = AppIcon;
				CODE_SIGN_STYLE = Automatic;
				INFOPLIST_FILE = PartyUp/Info.plist;
				LD_RUNPATH_SEARCH_PATHS = (
					"$(inherited)",
					"@executable_path/Frameworks",
				);
				PRODUCT_BUNDLE_IDENTIFIER = TyDon.PartyUp;
				PRODUCT_NAME = "$(TARGET_NAME)";
				SWIFT_VERSION = 4.2;
				TARGETED_DEVICE_FAMILY = "1,2";
			};
			name = Release;
		};
		CB610C742214919400DBBAAE /* Debug */ = {
			isa = XCBuildConfiguration;
			buildSettings = {
				ALWAYS_EMBED_SWIFT_STANDARD_LIBRARIES = YES;
				BUNDLE_LOADER = "$(TEST_HOST)";
				CODE_SIGN_STYLE = Automatic;
				INFOPLIST_FILE = PartyUpTests/Info.plist;
				LD_RUNPATH_SEARCH_PATHS = (
					"$(inherited)",
					"@executable_path/Frameworks",
					"@loader_path/Frameworks",
				);
				PRODUCT_BUNDLE_IDENTIFIER = TyDon.PartyUpTests;
				PRODUCT_NAME = "$(TARGET_NAME)";
				SWIFT_VERSION = 4.2;
				TARGETED_DEVICE_FAMILY = "1,2";
				TEST_HOST = "$(BUILT_PRODUCTS_DIR)/PartyUp.app/PartyUp";
			};
			name = Debug;
		};
		CB610C752214919400DBBAAE /* Release */ = {
			isa = XCBuildConfiguration;
			buildSettings = {
				ALWAYS_EMBED_SWIFT_STANDARD_LIBRARIES = YES;
				BUNDLE_LOADER = "$(TEST_HOST)";
				CODE_SIGN_STYLE = Automatic;
				INFOPLIST_FILE = PartyUpTests/Info.plist;
				LD_RUNPATH_SEARCH_PATHS = (
					"$(inherited)",
					"@executable_path/Frameworks",
					"@loader_path/Frameworks",
				);
				PRODUCT_BUNDLE_IDENTIFIER = TyDon.PartyUpTests;
				PRODUCT_NAME = "$(TARGET_NAME)";
				SWIFT_VERSION = 4.2;
				TARGETED_DEVICE_FAMILY = "1,2";
				TEST_HOST = "$(BUILT_PRODUCTS_DIR)/PartyUp.app/PartyUp";
			};
			name = Release;
		};
		CB610C772214919400DBBAAE /* Debug */ = {
			isa = XCBuildConfiguration;
			buildSettings = {
				ALWAYS_EMBED_SWIFT_STANDARD_LIBRARIES = YES;
				CODE_SIGN_STYLE = Automatic;
				INFOPLIST_FILE = PartyUpUITests/Info.plist;
				LD_RUNPATH_SEARCH_PATHS = (
					"$(inherited)",
					"@executable_path/Frameworks",
					"@loader_path/Frameworks",
				);
				PRODUCT_BUNDLE_IDENTIFIER = TyDon.PartyUpUITests;
				PRODUCT_NAME = "$(TARGET_NAME)";
				SWIFT_VERSION = 4.2;
				TARGETED_DEVICE_FAMILY = "1,2";
				TEST_TARGET_NAME = PartyUp;
			};
			name = Debug;
		};
		CB610C782214919400DBBAAE /* Release */ = {
			isa = XCBuildConfiguration;
			buildSettings = {
				ALWAYS_EMBED_SWIFT_STANDARD_LIBRARIES = YES;
				CODE_SIGN_STYLE = Automatic;
				INFOPLIST_FILE = PartyUpUITests/Info.plist;
				LD_RUNPATH_SEARCH_PATHS = (
					"$(inherited)",
					"@executable_path/Frameworks",
					"@loader_path/Frameworks",
				);
				PRODUCT_BUNDLE_IDENTIFIER = TyDon.PartyUpUITests;
				PRODUCT_NAME = "$(TARGET_NAME)";
				SWIFT_VERSION = 4.2;
				TARGETED_DEVICE_FAMILY = "1,2";
				TEST_TARGET_NAME = PartyUp;
			};
			name = Release;
		};
/* End XCBuildConfiguration section */

/* Begin XCConfigurationList section */
		CB610C432214919200DBBAAE /* Build configuration list for PBXProject "PartyUp" */ = {
			isa = XCConfigurationList;
			buildConfigurations = (
				CB610C6E2214919400DBBAAE /* Debug */,
				CB610C6F2214919400DBBAAE /* Release */,
			);
			defaultConfigurationIsVisible = 0;
			defaultConfigurationName = Release;
		};
		CB610C702214919400DBBAAE /* Build configuration list for PBXNativeTarget "PartyUp" */ = {
			isa = XCConfigurationList;
			buildConfigurations = (
				CB610C712214919400DBBAAE /* Debug */,
				CB610C722214919400DBBAAE /* Release */,
			);
			defaultConfigurationIsVisible = 0;
			defaultConfigurationName = Release;
		};
		CB610C732214919400DBBAAE /* Build configuration list for PBXNativeTarget "PartyUpTests" */ = {
			isa = XCConfigurationList;
			buildConfigurations = (
				CB610C742214919400DBBAAE /* Debug */,
				CB610C752214919400DBBAAE /* Release */,
			);
			defaultConfigurationIsVisible = 0;
			defaultConfigurationName = Release;
		};
		CB610C762214919400DBBAAE /* Build configuration list for PBXNativeTarget "PartyUpUITests" */ = {
			isa = XCConfigurationList;
			buildConfigurations = (
				CB610C772214919400DBBAAE /* Debug */,
				CB610C782214919400DBBAAE /* Release */,
			);
			defaultConfigurationIsVisible = 0;
			defaultConfigurationName = Release;
		};
/* End XCConfigurationList section */
	};
	rootObject = CB610C402214919200DBBAAE /* Project object */;
}
